
Microsoft Visual Studio Solution File, Format Version 12.00
# Visual Studio Version 16
VisualStudioVersion = 16.0.30717.126
MinimumVisualStudioVersion = 10.0.40219.1
Project("{FAE04EC0-301F-11D3-BF4B-00C04F79EFBC}") = "CellularAutomata", "CellularAutomata\CellularAutomata.csproj", "{3B38D803-5F19-4F8F-9741-9B6317AFAB9F}"
EndProject
Global
	GlobalSection(SolutionConfigurationPlatforms) = preSolution
		Debug|Any CPU = Debug|Any CPU
		Release|Any CPU = Release|Any CPU
	EndGlobalSection
	GlobalSection(ProjectConfigurationPlatforms) = postSolution
		{3B38D803-5F19-4F8F-9741-9B6317AFAB9F}.Debug|Any CPU.ActiveCfg = Debug|Any CPU
		{3B38D803-5F19-4F8F-9741-9B6317AFAB9F}.Debug|Any CPU.Build.0 = Debug|Any CPU
		{3B38D803-5F19-4F8F-9741-9B6317AFAB9F}.Release|Any CPU.ActiveCfg = Release|Any CPU
		{3B38D803-5F19-4F8F-9741-9B6317AFAB9F}.Release|Any CPU.Build.0 = Release|Any CPU
	EndGlobalSection
	GlobalSection(SolutionProperties) = preSolution
		HideSolutionNode = FALSE
	EndGlobalSection
	GlobalSection(ExtensibilityGlobals) = postSolution
		SolutionGuid = {5F362A51-E4AD-4B5A-9EE6-ED8384EAAEF1}
	EndGlobalSection
EndGlobal
